
Microsoft Visual Studio Solution File, Format Version 12.00
# Visual Studio Version 16
VisualStudioVersion = 16.0.31205.134
MinimumVisualStudioVersion = 10.0.40219.1
Project("{FAE04EC0-301F-11D3-BF4B-00C04F79EFBC}") = "FA2-522", "FA2-522\FA2-522.csproj", "{96BDC5B1-3C3D-4B63-9EF2-FB39296D0ECA}"
EndProject
Global
	GlobalSection(SolutionConfigurationPlatforms) = preSolution
		Debug|Any CPU = Debug|Any CPU
		Release|Any CPU = Release|Any CPU
	EndGlobalSection
	GlobalSection(ProjectConfigurationPlatforms) = postSolution
		{96BDC5B1-3C3D-4B63-9EF2-FB39296D0ECA}.Debug|Any CPU.ActiveCfg = Debug|Any CPU
		{96BDC5B1-3C3D-4B63-9EF2-FB39296D0ECA}.Debug|Any CPU.Build.0 = Debug|Any CPU
		{96BDC5B1-3C3D-4B63-9EF2-FB39296D0ECA}.Release|Any CPU.ActiveCfg = Release|Any CPU
		{96BDC5B1-3C3D-4B63-9EF2-FB39296D0ECA}.Release|Any CPU.Build.0 = Release|Any CPU
	EndGlobalSection
	GlobalSection(SolutionProperties) = preSolution
		HideSolutionNode = FALSE
	EndGlobalSection
	GlobalSection(ExtensibilityGlobals) = postSolution
		SolutionGuid = {D5CD0BFA-4094-44A0-82E9-522188D00F16}
	EndGlobalSection
EndGlobal
